
Microsoft Visual Studio Solution File, Format Version 12.00
# Visual Studio Version 17
VisualStudioVersion = 17.8.34330.188
MinimumVisualStudioVersion = 10.0.40219.1
Project("{2150E333-8FDC-42A3-9474-1A3956D46DE8}") = "RealTest", "RealTest", "{62EE5170-7BAE-4A00-AB15-51F0EF8657DC}"
EndProject
Project("{8BC9CEB8-8B4A-11D0-8D11-00A0C91BC942}") = "240109_ArrayResize", "240109_ArrayResize\240109_ArrayResize.vcxproj", "{6268BF7A-5388-43D4-BC09-5113EB87C3CA}"
EndProject
Project("{2150E333-8FDC-42A3-9474-1A3956D46DE8}") = "Engine", "Engine", "{EE4E0C28-643D-4C58-98F6-DC05333A163C}"
EndProject
Project("{8BC9CEB8-8B4A-11D0-8D11-00A0C91BC942}") = "ConsoleEngine", "ConsoleEngine\ConsoleEngine.vcxproj", "{16F2CC42-26E3-4631-999D-B76D95CB7AB7}"
EndProject
Project("{8BC9CEB8-8B4A-11D0-8D11-00A0C91BC942}") = "240111_RList", "240111_RList\240111_RList.vcxproj", "{CFE85255-782C-46A0-A35E-AD5C0A90723C}"
EndProject
Global
	GlobalSection(SolutionConfigurationPlatforms) = preSolution
		Debug|x64 = Debug|x64
		Debug|x86 = Debug|x86
		Release|x64 = Release|x64
		Release|x86 = Release|x86
	EndGlobalSection
	GlobalSection(ProjectConfigurationPlatforms) = postSolution
		{6268BF7A-5388-43D4-BC09-5113EB87C3CA}.Debug|x64.ActiveCfg = Debug|x64
		{6268BF7A-5388-43D4-BC09-5113EB87C3CA}.Debug|x64.Build.0 = Debug|x64
		{6268BF7A-5388-43D4-BC09-5113EB87C3CA}.Debug|x86.ActiveCfg = Debug|Win32
		{6268BF7A-5388-43D4-BC09-5113EB87C3CA}.Debug|x86.Build.0 = Debug|Win32
		{6268BF7A-5388-43D4-BC09-5113EB87C3CA}.Release|x64.ActiveCfg = Release|x64
		{6268BF7A-5388-43D4-BC09-5113EB87C3CA}.Release|x64.Build.0 = Release|x64
		{6268BF7A-5388-43D4-BC09-5113EB87C3CA}.Release|x86.ActiveCfg = Release|Win32
		{6268BF7A-5388-43D4-BC09-5113EB87C3CA}.Release|x86.Build.0 = Release|Win32
		{16F2CC42-26E3-4631-999D-B76D95CB7AB7}.Debug|x64.ActiveCfg = Debug|x64
		{16F2CC42-26E3-4631-999D-B76D95CB7AB7}.Debug|x64.Build.0 = Debug|x64
		{16F2CC42-26E3-4631-999D-B76D95CB7AB7}.Debug|x86.ActiveCfg = Debug|Win32
		{16F2CC42-26E3-4631-999D-B76D95CB7AB7}.Debug|x86.Build.0 = Debug|Win32
		{16F2CC42-26E3-4631-999D-B76D95CB7AB7}.Release|x64.ActiveCfg = Release|x64
		{16F2CC42-26E3-4631-999D-B76D95CB7AB7}.Release|x64.Build.0 = Release|x64
		{16F2CC42-26E3-4631-999D-B76D95CB7AB7}.Release|x86.ActiveCfg = Release|Win32
		{16F2CC42-26E3-4631-999D-B76D95CB7AB7}.Release|x86.Build.0 = Release|Win32
		{CFE85255-782C-46A0-A35E-AD5C0A90723C}.Debug|x64.ActiveCfg = Debug|x64
		{CFE85255-782C-46A0-A35E-AD5C0A90723C}.Debug|x64.Build.0 = Debug|x64
		{CFE85255-782C-46A0-A35E-AD5C0A90723C}.Debug|x86.ActiveCfg = Debug|Win32
		{CFE85255-782C-46A0-A35E-AD5C0A90723C}.Debug|x86.Build.0 = Debug|Win32
		{CFE85255-782C-46A0-A35E-AD5C0A90723C}.Release|x64.ActiveCfg = Release|x64
		{CFE85255-782C-46A0-A35E-AD5C0A90723C}.Release|x64.Build.0 = Release|x64
		{CFE85255-782C-46A0-A35E-AD5C0A90723C}.Release|x86.ActiveCfg = Release|Win32
		{CFE85255-782C-46A0-A35E-AD5C0A90723C}.Release|x86.Build.0 = Release|Win32
	EndGlobalSection
	GlobalSection(SolutionProperties) = preSolution
		HideSolutionNode = FALSE
	EndGlobalSection
	GlobalSection(NestedProjects) = preSolution
		{6268BF7A-5388-43D4-BC09-5113EB87C3CA} = {62EE5170-7BAE-4A00-AB15-51F0EF8657DC}
		{16F2CC42-26E3-4631-999D-B76D95CB7AB7} = {EE4E0C28-643D-4C58-98F6-DC05333A163C}
		{CFE85255-782C-46A0-A35E-AD5C0A90723C} = {62EE5170-7BAE-4A00-AB15-51F0EF8657DC}
	EndGlobalSection
	GlobalSection(ExtensibilityGlobals) = postSolution
		SolutionGuid = {B02F71C1-51BD-4B3E-8AC9-10E8866D1792}
	EndGlobalSection
EndGlobal
